PODS:
  - Leanplum-iOS-SDK-source (2.0.0-SNAPSHOT)

DEPENDENCIES:
  - Leanplum-iOS-SDK-source (from `../`)

EXTERNAL SOURCES:
  Leanplum-iOS-SDK-source:
    :path: ../

SPEC CHECKSUMS:
  Leanplum-iOS-SDK-source: 0d2582cebafe4250e294d6c4002c694efb3d60e1

PODFILE CHECKSUM: 1cea41e3ec43f3e90e798b4220cdfc437c86ce22

COCOAPODS: 1.2.1
